
Microsoft Visual Studio Solution File, Format Version 12.00
# Visual Studio 15
VisualStudioVersion = 15.0.28307.757
MinimumVisualStudioVersion = 10.0.40219.1
Project("{8BC9CEB8-8B4A-11D0-8D11-00A0C91BC942}") = "MyMath", "MyMath.vcxproj", "{A3898657-A7F5-494E-A94A-0DF6465FA078}"
EndProject
Global
	GlobalSection(SolutionConfigurationPlatforms) = preSolution
		Debug|x64 = Debug|x64
		Debug|x86 = Debug|x86
		Release|x64 = Release|x64
		Release|x86 = Release|x86
	EndGlobalSection
	GlobalSection(ProjectConfigurationPlatforms) = postSolution
		{A3898657-A7F5-494E-A94A-0DF6465FA078}.Debug|x64.ActiveCfg = Debug|x64
		{A3898657-A7F5-494E-A94A-0DF6465FA078}.Debug|x64.Build.0 = Debug|x64
		{A3898657-A7F5-494E-A94A-0DF6465FA078}.Debug|x86.ActiveCfg = Debug|Win32
		{A3898657-A7F5-494E-A94A-0DF6465FA078}.Debug|x86.Build.0 = Debug|Win32
		{A3898657-A7F5-494E-A94A-0DF6465FA078}.Release|x64.ActiveCfg = Release|x64
		{A3898657-A7F5-494E-A94A-0DF6465FA078}.Release|x64.Build.0 = Release|x64
		{A3898657-A7F5-494E-A94A-0DF6465FA078}.Release|x86.ActiveCfg = Release|Win32
		{A3898657-A7F5-494E-A94A-0DF6465FA078}.Release|x86.Build.0 = Release|Win32
	EndGlobalSection
	GlobalSection(SolutionProperties) = preSolution
		HideSolutionNode = FALSE
	EndGlobalSection
	GlobalSection(ExtensibilityGlobals) = postSolution
		SolutionGuid = {84C363B4-C2CA-4984-BA5A-F90442EE104D}
	EndGlobalSection
EndGlobal
