
Microsoft Visual Studio Solution File, Format Version 12.00
# Visual Studio 15
VisualStudioVersion = 15.0.28307.757
MinimumVisualStudioVersion = 10.0.40219.1
Project("{8BC9CEB8-8B4A-11D0-8D11-00A0C91BC942}") = "MyMath", "MyMath.vcxproj", "{309D9EB0-B29D-4B34-A958-503FB23534E1}"
EndProject
Global
	GlobalSection(SolutionConfigurationPlatforms) = preSolution
		Debug|x64 = Debug|x64
		Debug|x86 = Debug|x86
		Release|x64 = Release|x64
		Release|x86 = Release|x86
	EndGlobalSection
	GlobalSection(ProjectConfigurationPlatforms) = postSolution
		{309D9EB0-B29D-4B34-A958-503FB23534E1}.Debug|x64.ActiveCfg = Debug|x64
		{309D9EB0-B29D-4B34-A958-503FB23534E1}.Debug|x64.Build.0 = Debug|x64
		{309D9EB0-B29D-4B34-A958-503FB23534E1}.Debug|x86.ActiveCfg = Debug|Win32
		{309D9EB0-B29D-4B34-A958-503FB23534E1}.Debug|x86.Build.0 = Debug|Win32
		{309D9EB0-B29D-4B34-A958-503FB23534E1}.Release|x64.ActiveCfg = Release|x64
		{309D9EB0-B29D-4B34-A958-503FB23534E1}.Release|x64.Build.0 = Release|x64
		{309D9EB0-B29D-4B34-A958-503FB23534E1}.Release|x86.ActiveCfg = Release|Win32
		{309D9EB0-B29D-4B34-A958-503FB23534E1}.Release|x86.Build.0 = Release|Win32
	EndGlobalSection
	GlobalSection(SolutionProperties) = preSolution
		HideSolutionNode = FALSE
	EndGlobalSection
	GlobalSection(ExtensibilityGlobals) = postSolution
		SolutionGuid = {E97DEA16-3308-4DEB-A8A4-E4968AE0AB74}
	EndGlobalSection
EndGlobal
